
Microsoft Visual Studio Solution File, Format Version 12.00
# Visual Studio Version 16
VisualStudioVersion = 16.0.28721.148
MinimumVisualStudioVersion = 10.0.40219.1
Project("{9A19103F-16F7-4668-BE54-9A1E7A4F7556}") = "Volte", "src\Volte.csproj", "{5D4A85B0-1326-4CA2-A26C-D646D9579342}"
EndProject
Project("{2150E333-8FDC-42A3-9474-1A3956D46DE8}") = "Solution Items", "Solution Items", "{EBF357AF-E94F-41B2-88B9-D546EF372B00}"
	ProjectSection(SolutionItems) = preProject
		submodules\Disqord\src\Disqord.sln = submodules\Disqord\src\Disqord.sln
	EndProjectSection
EndProject
Project("{2150E333-8FDC-42A3-9474-1A3956D46DE8}") = "submodules", "submodules", "{2C23D099-239E-4D4E-854D-2EEEA60EFC75}"
EndProject
Project("{9A19103F-16F7-4668-BE54-9A1E7A4F7556}") = "Disqord", "submodules\Disqord\src\Disqord\Disqord.csproj", "{A668F250-5EA7-4064-8519-18135E5E991F}"
EndProject
Project("{9A19103F-16F7-4668-BE54-9A1E7A4F7556}") = "Disqord.Rest", "submodules\Disqord\src\Disqord.Rest\Disqord.Rest.csproj", "{65E7C95F-87CF-4A03-A93A-65E74CD8CF10}"
EndProject
Project("{9A19103F-16F7-4668-BE54-9A1E7A4F7556}") = "Disqord.Bot", "submodules\Disqord\src\Disqord.Bot\Disqord.Bot.csproj", "{0464E5DB-7171-464D-B73E-697EEC102607}"
EndProject
Project("{9A19103F-16F7-4668-BE54-9A1E7A4F7556}") = "Disqord.Core", "submodules\Disqord\src\Disqord.Core\Disqord.Core.csproj", "{A4FE91D7-0860-4B97-B1CF-13AB75F15755}"
EndProject
Project("{9A19103F-16F7-4668-BE54-9A1E7A4F7556}") = "Disqord.Serialization.Json.Newtonsoft", "submodules\Disqord\src\Disqord.Serialization.Newtonsoft\Disqord.Serialization.Json.Newtonsoft.csproj", "{E62FAF2C-9B3E-4C73-845A-6B8EE77F4996}"
EndProject
Global
	GlobalSection(SolutionConfigurationPlatforms) = preSolution
		Debug|Any CPU = Debug|Any CPU
		Debug|x64 = Debug|x64
		Release|Any CPU = Release|Any CPU
		Release|x64 = Release|x64
	EndGlobalSection
	GlobalSection(ProjectConfigurationPlatforms) = postSolution
		{5D4A85B0-1326-4CA2-A26C-D646D9579342}.Debug|Any CPU.ActiveCfg = Debug|Any CPU
		{5D4A85B0-1326-4CA2-A26C-D646D9579342}.Debug|Any CPU.Build.0 = Debug|Any CPU
		{5D4A85B0-1326-4CA2-A26C-D646D9579342}.Debug|x64.ActiveCfg = Debug|x64
		{5D4A85B0-1326-4CA2-A26C-D646D9579342}.Debug|x64.Build.0 = Debug|x64
		{5D4A85B0-1326-4CA2-A26C-D646D9579342}.Release|Any CPU.ActiveCfg = Release|Any CPU
		{5D4A85B0-1326-4CA2-A26C-D646D9579342}.Release|Any CPU.Build.0 = Release|Any CPU
		{5D4A85B0-1326-4CA2-A26C-D646D9579342}.Release|x64.ActiveCfg = Release|x64
		{5D4A85B0-1326-4CA2-A26C-D646D9579342}.Release|x64.Build.0 = Release|x64
		{A668F250-5EA7-4064-8519-18135E5E991F}.Debug|Any CPU.ActiveCfg = Debug|Any CPU
		{A668F250-5EA7-4064-8519-18135E5E991F}.Debug|Any CPU.Build.0 = Debug|Any CPU
		{A668F250-5EA7-4064-8519-18135E5E991F}.Debug|x64.ActiveCfg = Debug|Any CPU
		{A668F250-5EA7-4064-8519-18135E5E991F}.Debug|x64.Build.0 = Debug|Any CPU
		{A668F250-5EA7-4064-8519-18135E5E991F}.Release|Any CPU.ActiveCfg = Release|Any CPU
		{A668F250-5EA7-4064-8519-18135E5E991F}.Release|Any CPU.Build.0 = Release|Any CPU
		{A668F250-5EA7-4064-8519-18135E5E991F}.Release|x64.ActiveCfg = Release|Any CPU
		{A668F250-5EA7-4064-8519-18135E5E991F}.Release|x64.Build.0 = Release|Any CPU
		{65E7C95F-87CF-4A03-A93A-65E74CD8CF10}.Debug|Any CPU.ActiveCfg = Debug|Any CPU
		{65E7C95F-87CF-4A03-A93A-65E74CD8CF10}.Debug|Any CPU.Build.0 = Debug|Any CPU
		{65E7C95F-87CF-4A03-A93A-65E74CD8CF10}.Debug|x64.ActiveCfg = Debug|Any CPU
		{65E7C95F-87CF-4A03-A93A-65E74CD8CF10}.Debug|x64.Build.0 = Debug|Any CPU
		{65E7C95F-87CF-4A03-A93A-65E74CD8CF10}.Release|Any CPU.ActiveCfg = Release|Any CPU
		{65E7C95F-87CF-4A03-A93A-65E74CD8CF10}.Release|Any CPU.Build.0 = Release|Any CPU
		{65E7C95F-87CF-4A03-A93A-65E74CD8CF10}.Release|x64.ActiveCfg = Release|Any CPU
		{65E7C95F-87CF-4A03-A93A-65E74CD8CF10}.Release|x64.Build.0 = Release|Any CPU
		{0464E5DB-7171-464D-B73E-697EEC102607}.Debug|Any CPU.ActiveCfg = Debug|Any CPU
		{0464E5DB-7171-464D-B73E-697EEC102607}.Debug|Any CPU.Build.0 = Debug|Any CPU
		{0464E5DB-7171-464D-B73E-697EEC102607}.Debug|x64.ActiveCfg = Debug|Any CPU
		{0464E5DB-7171-464D-B73E-697EEC102607}.Debug|x64.Build.0 = Debug|Any CPU
		{0464E5DB-7171-464D-B73E-697EEC102607}.Release|Any CPU.ActiveCfg = Release|Any CPU
		{0464E5DB-7171-464D-B73E-697EEC102607}.Release|Any CPU.Build.0 = Release|Any CPU
		{0464E5DB-7171-464D-B73E-697EEC102607}.Release|x64.ActiveCfg = Release|Any CPU
		{0464E5DB-7171-464D-B73E-697EEC102607}.Release|x64.Build.0 = Release|Any CPU
		{A4FE91D7-0860-4B97-B1CF-13AB75F15755}.Debug|Any CPU.ActiveCfg = Debug|Any CPU
		{A4FE91D7-0860-4B97-B1CF-13AB75F15755}.Debug|Any CPU.Build.0 = Debug|Any CPU
		{A4FE91D7-0860-4B97-B1CF-13AB75F15755}.Debug|x64.ActiveCfg = Debug|Any CPU
		{A4FE91D7-0860-4B97-B1CF-13AB75F15755}.Debug|x64.Build.0 = Debug|Any CPU
		{A4FE91D7-0860-4B97-B1CF-13AB75F15755}.Release|Any CPU.ActiveCfg = Release|Any CPU
		{A4FE91D7-0860-4B97-B1CF-13AB75F15755}.Release|Any CPU.Build.0 = Release|Any CPU
		{A4FE91D7-0860-4B97-B1CF-13AB75F15755}.Release|x64.ActiveCfg = Release|Any CPU
		{A4FE91D7-0860-4B97-B1CF-13AB75F15755}.Release|x64.Build.0 = Release|Any CPU
		{E62FAF2C-9B3E-4C73-845A-6B8EE77F4996}.Debug|Any CPU.ActiveCfg = Debug|Any CPU
		{E62FAF2C-9B3E-4C73-845A-6B8EE77F4996}.Debug|Any CPU.Build.0 = Debug|Any CPU
		{E62FAF2C-9B3E-4C73-845A-6B8EE77F4996}.Debug|x64.ActiveCfg = Debug|Any CPU
		{E62FAF2C-9B3E-4C73-845A-6B8EE77F4996}.Debug|x64.Build.0 = Debug|Any CPU
		{E62FAF2C-9B3E-4C73-845A-6B8EE77F4996}.Release|Any CPU.ActiveCfg = Release|Any CPU
		{E62FAF2C-9B3E-4C73-845A-6B8EE77F4996}.Release|Any CPU.Build.0 = Release|Any CPU
		{E62FAF2C-9B3E-4C73-845A-6B8EE77F4996}.Release|x64.ActiveCfg = Release|Any CPU
		{E62FAF2C-9B3E-4C73-845A-6B8EE77F4996}.Release|x64.Build.0 = Release|Any CPU
	EndGlobalSection
	GlobalSection(SolutionProperties) = preSolution
		HideSolutionNode = FALSE
	EndGlobalSection
	GlobalSection(NestedProjects) = preSolution
		{A668F250-5EA7-4064-8519-18135E5E991F} = {2C23D099-239E-4D4E-854D-2EEEA60EFC75}
		{65E7C95F-87CF-4A03-A93A-65E74CD8CF10} = {2C23D099-239E-4D4E-854D-2EEEA60EFC75}
		{0464E5DB-7171-464D-B73E-697EEC102607} = {2C23D099-239E-4D4E-854D-2EEEA60EFC75}
		{A4FE91D7-0860-4B97-B1CF-13AB75F15755} = {2C23D099-239E-4D4E-854D-2EEEA60EFC75}
		{E62FAF2C-9B3E-4C73-845A-6B8EE77F4996} = {2C23D099-239E-4D4E-854D-2EEEA60EFC75}
	EndGlobalSection
	GlobalSection(ExtensibilityGlobals) = postSolution
		SolutionGuid = {AE547B9B-1D74-45D3-954D-048E7CE0B9D4}
	EndGlobalSection
EndGlobal
